{
    "_readme": [
        "This file locks the dependencies of your project to a known state",
        "Read more about it at https://getcomposer.org/doc/01-basic-usage.md#composer-lock-the-lock-file",
        "This file is @generated automatically"
    ],
    "content-hash": "8a3a14886fa889a99c35abf0aca2fbcd",
    "packages": [
        {
            "name": "rummykhan/trip-sorter",
            "version": "dev-master",
            "dist": {
                "type": "path",
                "url": "packages/trip-sorter",
                "reference": "e02d2b2586118f38912086622b2dc2b886fdb958",
                "shasum": null
            },
            "type": "library",
            "autoload": {
                "psr-4": {
                    "RummyKhan\\TripSorter\\": "src/"
                }
            },
            "authors": [
                {
                    "name": "Rummy Khan",
                    "email": "rehan_manzoor@outlook.com"
                }
            ]
        }
    ],
    "packages-dev": [],
    "aliases": [],
    "minimum-stability": "stable",
    "stability-flags": {
        "rummykhan/trip-sorter": 20
    },
    "prefer-stable": false,
    "prefer-lowest": false,
    "platform": [],
    "platform-dev": []
}
